// !$*UTF8*$!
{
	archiveVersion = 1;
	classes = {
	};
	objectVersion = 77;
	objects = {

/* Begin PBXBuildFile section */
		5F83E53A2F4783BA00F4C616 /* DesignKit in Frameworks */ = {isa = PBXBuildFile; productRef = 5F83E5392F4783BA00F4C616 /* DesignKit */; };
/* End PBXBuildFile section */

/* Begin PBXContainerItemProxy section */
		5FDFBC732F477EF000D9F4D8 /* PBXContainerItemProxy */ = {
			isa = PBXContainerItemProxy;
			containerPortal = 5FDFBC5D2F477EEF00D9F4D8 /* Project object */;
			proxyType = 1;
			remoteGlobalIDString = 5FDFBC642F477EEF00D9F4D8;
			remoteInfo = HabitsTracker;
		};
		5FDFBC7D2F477EF000D9F4D8 /* PBXContainerItemProxy */ = {
			isa = PBXContainerItemProxy;
			containerPortal = 5FDFBC5D2F477EEF00D9F4D8 /* Project object */;
			proxyType = 1;
			remoteGlobalIDString = 5FDFBC642F477EEF00D9F4D8;
			remoteInfo = HabitsTracker;
		};
/* End PBXContainerItemProxy section */

/* Begin PBXFileReference section */
		5FDFBC652F477EEF00D9F4D8 /* HabitsTracker.app */ = {isa = PBXFileReference; explicitFileType = wrapper.application; includeInIndex = 0; path = HabitsTracker.app; sourceTree = BUILT_PRODUCTS_DIR; };
		5FDFBC722F477EF000D9F4D8 /* HabitsTrackerTests.xctest */ = {isa = PBXFileReference; explicitFileType = wrapper.cfbundle; includeInIndex = 0; path = HabitsTrackerTests.xctest; sourceTree = BUILT_PRODUCTS_DIR; };
		5FDFBC7C2F477EF000D9F4D8 /* HabitsTrackerUITests.xctest */ = {isa = PBXFileReference; explicitFileType = wrapper.cfbundle; includeInIndex = 0; path = HabitsTrackerUITests.xctest; sourceTree = BUILT_PRODUCTS_DIR; };
/* End PBXFileReference section */

/* Begin PBXFileSystemSynchronizedRootGroup section */
		5FDFBC672F477EEF00D9F4D8 /* HabitsTracker */ = {
			isa = PBXFileSystemSynchronizedRootGroup;
			path = HabitsTracker;
			sourceTree = "<group>";
		};
		5FDFBC752F477EF000D9F4D8 /* HabitsTrackerTests */ = {
			isa = PBXFileSystemSynchronizedRootGroup;
			path = HabitsTrackerTests;
			sourceTree = "<group>";
		};
		5FDFBC7F2F477EF000D9F4D8 /* HabitsTrackerUITests */ = {
			isa = PBXFileSystemSynchronizedRootGroup;
			path = HabitsTrackerUITests;
			sourceTree = "<group>";
		};
/* End PBXFileSystemSynchronizedRootGroup section */

/* Begin PBXFrameworksBuildPhase section */
		5FDFBC622F477EEF00D9F4D8 /* Frameworks */ = {
			isa = PBXFrameworksBuildPhase;
			buildActionMask = 2147483647;
			files = (
				5F83E53A2F4783BA00F4C616 /* DesignKit in Frameworks */,
			);
			runOnlyForDeploymentPostprocessing = 0;
		};
		5FDFBC6F2F477EF000D9F4D8 /* Frameworks */ = {
			isa = PBXFrameworksBuildPhase;
			buildActionMask = 2147483647;
			files = (
			);
			runOnlyForDeploymentPostprocessing = 0;
		};
		5FDFBC792F477EF000D9F4D8 /* Frameworks */ = {
			isa = PBXFrameworksBuildPhase;
			buildActionMask = 2147483647;
			files = (
			);
			runOnlyForDeploymentPostprocessing = 0;
		};
/* End PBXFrameworksBuildPhase section */

/* Begin PBXGroup section */
		5F83E5382F47839F00F4C616 /* Frameworks */ = {
			isa = PBXGroup;
			children = (
			);
			name = Frameworks;
			sourceTree = "<group>";
		};
		5FDFBC5C2F477EEF00D9F4D8 = {
			isa = PBXGroup;
			children = (
				5FDFBC672F477EEF00D9F4D8 /* HabitsTracker */,
				5FDFBC752F477EF000D9F4D8 /* HabitsTrackerTests */,
				5FDFBC7F2F477EF000D9F4D8 /* HabitsTrackerUITests */,
				5F83E5382F47839F00F4C616 /* Frameworks */,
				5FDFBC662F477EEF00D9F4D8 /* Products */,
			);
			sourceTree = "<group>";
		};
		5FDFBC662F477EEF00D9F4D8 /* Products */ = {
			isa = PBXGroup;
			children = (
				5FDFBC652F477EEF00D9F4D8 /* HabitsTracker.app */,
				5FDFBC722F477EF000D9F4D8 /* HabitsTrackerTests.xctest */,
				5FDFBC7C2F477EF000D9F4D8 /* HabitsTrackerUITests.xctest */,
			);
			name = Products;
			sourceTree = "<group>";
		};
/* End PBXGroup section */

/* Begin PBXNativeTarget section */
		5FDFBC642F477EEF00D9F4D8 /* HabitsTracker */ = {
			isa = PBXNativeTarget;
			buildConfigurationList = 5FDFBC862F477EF000D9F4D8 /* Build configuration list for PBXNativeTarget "HabitsTracker" */;
			buildPhases = (
				5FDFBC612F477EEF00D9F4D8 /* Sources */,
				5FDFBC622F477EEF00D9F4D8 /* Frameworks */,
				5FDFBC632F477EEF00D9F4D8 /* Resources */,
			);
			buildRules = (
			);
			dependencies = (
			);
			fileSystemSynchronizedGroups = (
				5FDFBC672F477EEF00D9F4D8 /* HabitsTracker */,
			);
			name = HabitsTracker;
			packageProductDependencies = (
				5F83E5392F4783BA00F4C616 /* DesignKit */,
			);
			productName = HabitsTracker;
			productReference = 5FDFBC652F477EEF00D9F4D8 /* HabitsTracker.app */;
			productType = "com.apple.product-type.application";
		};
		5FDFBC712F477EF000D9F4D8 /* HabitsTrackerTests */ = {
			isa = PBXNativeTarget;
			buildConfigurationList = 5FDFBC892F477EF000D9F4D8 /* Build configuration list for PBXNativeTarget "HabitsTrackerTests" */;
			buildPhases = (
				5FDFBC6E2F477EF000D9F4D8 /* Sources */,
				5FDFBC6F2F477EF000D9F4D8 /* Frameworks */,
				5FDFBC702F477EF000D9F4D8 /* Resources */,
			);
			buildRules = (
			);
			dependencies = (
				5FDFBC742F477EF000D9F4D8 /* PBXTargetDependency */,
			);
			fileSystemSynchronizedGroups = (
				5FDFBC752F477EF000D9F4D8 /* HabitsTrackerTests */,
			);
			name = HabitsTrackerTests;
			packageProductDependencies = (
			);
			productName = HabitsTrackerTests;
			productReference = 5FDFBC722F477EF000D9F4D8 /* HabitsTrackerTests.xctest */;
			productType = "com.apple.product-type.bundle.unit-test";
		};
		5FDFBC7B2F477EF000D9F4D8 /* HabitsTrackerUITests */ = {
			isa = PBXNativeTarget;
			buildConfigurationList = 5FDFBC8C2F477EF000D9F4D8 /* Build configuration list for PBXNativeTarget "HabitsTrackerUITests" */;
			buildPhases = (
				5FDFBC782F477EF000D9F4D8 /* Sources */,
				5FDFBC792F477EF000D9F4D8 /* Frameworks */,
				5FDFBC7A2F477EF000D9F4D8 /* Resources */,
			);
			buildRules = (
			);
			dependencies = (
				5FDFBC7E2F477EF000D9F4D8 /* PBXTargetDependency */,
			);
			fileSystemSynchronizedGroups = (
				5FDFBC7F2F477EF000D9F4D8 /* HabitsTrackerUITests */,
			);
			name = HabitsTrackerUITests;
			packageProductDependencies = (
			);
			productName = HabitsTrackerUITests;
			productReference = 5FDFBC7C2F477EF000D9F4D8 /* HabitsTrackerUITests.xctest */;
			productType = "com.apple.product-type.bundle.ui-testing";
		};
/* End PBXNativeTarget section */

/* Begin PBXProject section */
		5FDFBC5D2F477EEF00D9F4D8 /* Project object */ = {
			isa = PBXProject;
			attributes = {
				BuildIndependentTargetsInParallel = 1;
				LastSwiftUpdateCheck = 2620;
				LastUpgradeCheck = 2620;
				TargetAttributes = {
					5FDFBC642F477EEF00D9F4D8 = {
						CreatedOnToolsVersion = 26.2;
					};
					5FDFBC712F477EF000D9F4D8 = {
						CreatedOnToolsVersion = 26.2;
						TestTargetID = 5FDFBC642F477EEF00D9F4D8;
					};
					5FDFBC7B2F477EF000D9F4D8 = {
						CreatedOnToolsVersion = 26.2;
						TestTargetID = 5FDFBC642F477EEF00D9F4D8;
					};
				};
			};
			buildConfigurationList = 5FDFBC602F477EEF00D9F4D8 /* Build configuration list for PBXProject "HabitsTracker" */;
			developmentRegion = en;
			hasScannedForEncodings = 0;
			knownRegions = (
				en,
				Base,
			);
			mainGroup = 5FDFBC5C2F477EEF00D9F4D8;
			minimizedProjectReferenceProxies = 1;
			packageReferences = (
				5F83E5372F47836600F4C616 /* XCLocalSwiftPackageReference "../DesignKit" */,
			);
			preferredProjectObjectVersion = 77;
			productRefGroup = 5FDFBC662F477EEF00D9F4D8 /* Products */;
			projectDirPath = "";
			projectRoot = "";
			targets = (
				5FDFBC642F477EEF00D9F4D8 /* HabitsTracker */,
				5FDFBC712F477EF000D9F4D8 /* HabitsTrackerTests */,
				5FDFBC7B2F477EF000D9F4D8 /* HabitsTrackerUITests */,
			);
		};
/* End PBXProject section */

/* Begin PBXResourcesBuildPhase section */
		5FDFBC632F477EEF00D9F4D8 /* Resources */ = {
			isa = PBXResourcesBuildPhase;
			buildActionMask = 2147483647;
			files = (
			);
			runOnlyForDeploymentPostprocessing = 0;
		};
		5FDFBC702F477EF000D9F4D8 /* Resources */ = {
			isa = PBXResourcesBuildPhase;
			buildActionMask = 2147483647;
			files = (
			);
			runOnlyForDeploymentPostprocessing = 0;
		};
		5FDFBC7A2F477EF000D9F4D8 /* Resources */ = {
			isa = PBXResourcesBuildPhase;
			buildActionMask = 2147483647;
			files = (
			);
			runOnlyForDeploymentPostprocessing = 0;
		};
/* End PBXResourcesBuildPhase section */

/* Begin PBXSourcesBuildPhase section */
		5FDFBC612F477EEF00D9F4D8 /* Sources */ = {
			isa = PBXSourcesBuildPhase;
			buildActionMask = 2147483647;
			files = (
			);
			runOnlyForDeploymentPostprocessing = 0;
		};
		5FDFBC6E2F477EF000D9F4D8 /* Sources */ = {
			isa = PBXSourcesBuildPhase;
			buildActionMask = 2147483647;
			files = (
			);
			runOnlyForDeploymentPostprocessing = 0;
		};
		5FDFBC782F477EF000D9F4D8 /* Sources */ = {
			isa = PBXSourcesBuildPhase;
			buildActionMask = 2147483647;
			files = (
			);
			runOnlyForDeploymentPostprocessing = 0;
		};
/* End PBXSourcesBuildPhase section */

/* Begin PBXTargetDependency section */
		5FDFBC742F477EF000D9F4D8 /* PBXTargetDependency */ = {
			isa = PBXTargetDependency;
			target = 5FDFBC642F477EEF00D9F4D8 /* HabitsTracker */;
			targetProxy = 5FDFBC732F477EF000D9F4D8 /* PBXContainerItemProxy */;
		};
		5FDFBC7E2F477EF000D9F4D8 /* PBXTargetDependency */ = {
			isa = PBXTargetDependency;
			target = 5FDFBC642F477EEF00D9F4D8 /* HabitsTracker */;
			targetProxy = 5FDFBC7D2F477EF000D9F4D8 /* PBXContainerItemProxy */;
		};
/* End PBXTargetDependency section */

/* Begin XCBuildConfiguration section */
		5FDFBC842F477EF000D9F4D8 /* Debug */ = {
			isa = XCBuildConfiguration;
			buildSettings = {
				ALWAYS_SEARCH_USER_PATHS = NO;
				ASSETCATALOG_COMPILER_GENERATE_SWIFT_ASSET_SYMBOL_EXTENSIONS = YES;
				CLANG_ANALYZER_NONNULL = YES;
				CLANG_ANALYZER_NUMBER_OBJECT_CONVERSION = YES_AGGRESSIVE;
				CLANG_CXX_LANGUAGE_STANDARD = "gnu++20";
				CLANG_ENABLE_MODULES = YES;
				CLANG_ENABLE_OBJC_ARC = YES;
				CLANG_ENABLE_OBJC_WEAK = YES;
				CLANG_WARN_BLOCK_CAPTURE_AUTORELEASING = YES;
				CLANG_WARN_BOOL_CONVERSION = YES;
				CLANG_WARN_COMMA = YES;
				CLANG_WARN_CONSTANT_CONVERSION = YES;
				CLANG_WARN_DEPRECATED_OBJC_IMPLEMENTATIONS = YES;
				CLANG_WARN_DIRECT_OBJC_ISA_USAGE = YES_ERROR;
				CLANG_WARN_DOCUMENTATION_COMMENTS = YES;
				CLANG_WARN_EMPTY_BODY = YES;
				CLANG_WARN_ENUM_CONVERSION = YES;
				CLANG_WARN_INFINITE_RECURSION = YES;
				CLANG_WARN_INT_CONVERSION = YES;
				CLANG_WARN_NON_LITERAL_NULL_CONVERSION = YES;
				CLANG_WARN_OBJC_IMPLICIT_RETAIN_SELF = YES;
				CLANG_WARN_OBJC_LITERAL_CONVERSION = YES;
				CLANG_WARN_OBJC_ROOT_CLASS = YES_ERROR;
				CLANG_WARN_QUOTED_INCLUDE_IN_FRAMEWORK_HEADER = YES;
				CLANG_WARN_RANGE_LOOP_ANALYSIS = YES;
				CLANG_WARN_STRICT_PROTOTYPES = YES;
				CLANG_WARN_SUSPICIOUS_MOVE = YES;
				CLANG_WARN_UNGUARDED_AVAILABILITY = YES_AGGRESSIVE;
				CLANG_WARN_UNREACHABLE_CODE = YES;
				CLANG_WARN__DUPLICATE_METHOD_MATCH = YES;
				COPY_PHASE_STRIP = NO;
				DEBUG_INFORMATION_FORMAT = dwarf;
				DEVELOPMENT_TEAM = 54M5NP28XN;
				ENABLE_STRICT_OBJC_MSGSEND = YES;
				ENABLE_TESTABILITY = YES;
				ENABLE_USER_SCRIPT_SANDBOXING = YES;
				GCC_C_LANGUAGE_STANDARD = gnu17;
				GCC_DYNAMIC_NO_PIC = NO;
				GCC_NO_COMMON_BLOCKS = YES;
				GCC_OPTIMIZATION_LEVEL = 0;
				GCC_PREPROCESSOR_DEFINITIONS = (
					"DEBUG=1",
					"$(inherited)",
				);
				GCC_WARN_64_TO_32_BIT_CONVERSION = YES;
				GCC_WARN_ABOUT_RETURN_TYPE = YES_ERROR;
				GCC_WARN_UNDECLARED_SELECTOR = YES;
				GCC_WARN_UNINITIALIZED_AUTOS = YES_AGGRESSIVE;
				GCC_WARN_UNUSED_FUNCTION = YES;
				GCC_WARN_UNUSED_VARIABLE = YES;
				IPHONEOS_DEPLOYMENT_TARGET = 26.2;
				LOCALIZATION_PREFERS_STRING_CATALOGS = YES;
				MTL_ENABLE_DEBUG_INFO = INCLUDE_SOURCE;
				MTL_FAST_MATH = YES;
				ONLY_ACTIVE_ARCH = YES;
				SDKROOT = iphoneos;
				SWIFT_ACTIVE_COMPILATION_CONDITIONS = "DEBUG $(inherited)";
				SWIFT_OPTIMIZATION_LEVEL = "-Onone";
			};
			name = Debug;
		};
		5FDFBC852F477EF000D9F4D8 /* Release */ = {
			isa = XCBuildConfiguration;
			buildSettings = {
				ALWAYS_SEARCH_USER_PATHS = NO;
				ASSETCATALOG_COMPILER_GENERATE_SWIFT_ASSET_SYMBOL_EXTENSIONS = YES;
				CLANG_ANALYZER_NONNULL = YES;
				CLANG_ANALYZER_NUMBER_OBJECT_CONVERSION = YES_AGGRESSIVE;
				CLANG_CXX_LANGUAGE_STANDARD = "gnu++20";
				CLANG_ENABLE_MODULES = YES;
				CLANG_ENABLE_OBJC_ARC = YES;
				CLANG_ENABLE_OBJC_WEAK = YES;
				CLANG_WARN_BLOCK_CAPTURE_AUTORELEASING = YES;
				CLANG_WARN_BOOL_CONVERSION = YES;
				CLANG_WARN_COMMA = YES;
				CLANG_WARN_CONSTANT_CONVERSION = YES;
				CLANG_WARN_DEPRECATED_OBJC_IMPLEMENTATIONS = YES;
				CLANG_WARN_DIRECT_OBJC_ISA_USAGE = YES_ERROR;
				CLANG_WARN_DOCUMENTATION_COMMENTS = YES;
				CLANG_WARN_EMPTY_BODY = YES;
				CLANG_WARN_ENUM_CONVERSION = YES;
				CLANG_WARN_INFINITE_RECURSION = YES;
				CLANG_WARN_INT_CONVERSION = YES;
				CLANG_WARN_NON_LITERAL_NULL_CONVERSION = YES;
				CLANG_WARN_OBJC_IMPLICIT_RETAIN_SELF = YES;
				CLANG_WARN_OBJC_LITERAL_CONVERSION = YES;
				CLANG_WARN_OBJC_ROOT_CLASS = YES_ERROR;
				CLANG_WARN_QUOTED_INCLUDE_IN_FRAMEWORK_HEADER = YES;
				CLANG_WARN_RANGE_LOOP_ANALYSIS = YES;
				CLANG_WARN_STRICT_PROTOTYPES = YES;
				CLANG_WARN_SUSPICIOUS_MOVE = YES;
				CLANG_WARN_UNGUARDED_AVAILABILITY = YES_AGGRESSIVE;
				CLANG_WARN_UNREACHABLE_CODE = YES;
				CLANG_WARN__DUPLICATE_METHOD_MATCH = YES;
				COPY_PHASE_STRIP = NO;
				DEBUG_INFORMATION_FORMAT = "dwarf-with-dsym";
				DEVELOPMENT_TEAM = 54M5NP28XN;
				ENABLE_NS_ASSERTIONS = NO;
				ENABLE_STRICT_OBJC_MSGSEND = YES;
				ENABLE_USER_SCRIPT_SANDBOXING = YES;
				GCC_C_LANGUAGE_STANDARD = gnu17;
				GCC_NO_COMMON_BLOCKS = YES;
				GCC_WARN_64_TO_32_BIT_CONVERSION = YES;
				GCC_WARN_ABOUT_RETURN_TYPE = YES_ERROR;
				GCC_WARN_UNDECLARED_SELECTOR = YES;
				GCC_WARN_UNINITIALIZED_AUTOS = YES_AGGRESSIVE;
				GCC_WARN_UNUSED_FUNCTION = YES;
				GCC_WARN_UNUSED_VARIABLE = YES;
				IPHONEOS_DEPLOYMENT_TARGET = 26.2;
				LOCALIZATION_PREFERS_STRING_CATALOGS = YES;
				MTL_ENABLE_DEBUG_INFO = NO;
				MTL_FAST_MATH = YES;
				SDKROOT = iphoneos;
				SWIFT_COMPILATION_MODE = wholemodule;
				VALIDATE_PRODUCT = YES;
			};
			name = Release;
		};
		5FDFBC872F477EF000D9F4D8 /* Debug */ = {
			isa = XCBuildConfiguration;
			buildSettings = {
				ASSETCATALOG_COMPILER_APPICON_NAME = AppIcon;
				ASSETCATALOG_COMPILER_GLOBAL_ACCENT_COLOR_NAME = AccentColor;
				CODE_SIGN_STYLE = Automatic;
				CURRENT_PROJECT_VERSION = 1;
				DEVELOPMENT_TEAM = 54M5NP28XN;
				ENABLE_PREVIEWS = YES;
				GENERATE_INFOPLIST_FILE = YES;
				INFOPLIST_KEY_UIApplicationSceneManifest_Generation = YES;
				INFOPLIST_KEY_UIApplicationSupportsIndirectInputEvents = YES;
				INFOPLIST_KEY_UILaunchScreen_Generation = YES;
				INFOPLIST_KEY_UISupportedInterfaceOrientations_iPad = "UIInterfaceOrientationPortrait UIInterfaceOrientationPortraitUpsideDown UIInterfaceOrientationLandscapeLeft UIInterfaceOrientationLandscapeRight";
				INFOPLIST_KEY_UISupportedInterfaceOrientations_iPhone = "UIInterfaceOrientationPortrait UIInterfaceOrientationLandscapeLeft UIInterfaceOrientationLandscapeRight";
				LD_RUNPATH_SEARCH_PATHS = (
					"$(inherited)",
					"@executable_path/Frameworks",
				);
				MARKETING_VERSION = 1.0;
				PRODUCT_BUNDLE_IDENTIFIER = gn.HabitsTracker;
				PRODUCT_NAME = "$(TARGET_NAME)";
				STRING_CATALOG_GENERATE_SYMBOLS = YES;
				SWIFT_APPROACHABLE_CONCURRENCY = YES;
				SWIFT_DEFAULT_ACTOR_ISOLATION = MainActor;
				SWIFT_EMIT_LOC_STRINGS = YES;
				SWIFT_UPCOMING_FEATURE_MEMBER_IMPORT_VISIBILITY = YES;
				SWIFT_VERSION = 5.0;
				TARGETED_DEVICE_FAMILY = "1,2";
			};
			name = Debug;
		};
		5FDFBC882F477EF000D9F4D8 /* Release */ = {
			isa = XCBuildConfiguration;
			buildSettings = {
				ASSETCATALOG_COMPILER_APPICON_NAME = AppIcon;
				ASSETCATALOG_COMPILER_GLOBAL_ACCENT_COLOR_NAME = AccentColor;
				CODE_SIGN_STYLE = Automatic;
				CURRENT_PROJECT_VERSION = 1;
				DEVELOPMENT_TEAM = 54M5NP28XN;
				ENABLE_PREVIEWS = YES;
				GENERATE_INFOPLIST_FILE = YES;
				INFOPLIST_KEY_UIApplicationSceneManifest_Generation = YES;
				INFOPLIST_KEY_UIApplicationSupportsIndirectInputEvents = YES;
				INFOPLIST_KEY_UILaunchScreen_Generation = YES;
				INFOPLIST_KEY_UISupportedInterfaceOrientations_iPad = "UIInterfaceOrientationPortrait UIInterfaceOrientationPortraitUpsideDown UIInterfaceOrientationLandscapeLeft UIInterfaceOrientationLandscapeRight";
				INFOPLIST_KEY_UISupportedInterfaceOrientations_iPhone = "UIInterfaceOrientationPortrait UIInterfaceOrientationLandscapeLeft UIInterfaceOrientationLandscapeRight";
				LD_RUNPATH_SEARCH_PATHS = (
					"$(inherited)",
					"@executable_path/Frameworks",
				);
				MARKETING_VERSION = 1.0;
				PRODUCT_BUNDLE_IDENTIFIER = gn.HabitsTracker;
				PRODUCT_NAME = "$(TARGET_NAME)";
				STRING_CATALOG_GENERATE_SYMBOLS = YES;
				SWIFT_APPROACHABLE_CONCURRENCY = YES;
				SWIFT_DEFAULT_ACTOR_ISOLATION = MainActor;
				SWIFT_EMIT_LOC_STRINGS = YES;
				SWIFT_UPCOMING_FEATURE_MEMBER_IMPORT_VISIBILITY = YES;
				SWIFT_VERSION = 5.0;
				TARGETED_DEVICE_FAMILY = "1,2";
			};
			name = Release;
		};
		5FDFBC8A2F477EF000D9F4D8 /* Debug */ = {
			isa = XCBuildConfiguration;
			buildSettings = {
				BUNDLE_LOADER = "$(TEST_HOST)";
				CODE_SIGN_STYLE = Automatic;
				CURRENT_PROJECT_VERSION = 1;
				DEVELOPMENT_TEAM = 54M5NP28XN;
				GENERATE_INFOPLIST_FILE = YES;
				IPHONEOS_DEPLOYMENT_TARGET = 26.2;
				MARKETING_VERSION = 1.0;
				PRODUCT_BUNDLE_IDENTIFIER = gn.HabitsTrackerTests;
				PRODUCT_NAME = "$(TARGET_NAME)";
				STRING_CATALOG_GENERATE_SYMBOLS = NO;
				SWIFT_APPROACHABLE_CONCURRENCY = YES;
				SWIFT_EMIT_LOC_STRINGS = NO;
				SWIFT_UPCOMING_FEATURE_MEMBER_IMPORT_VISIBILITY = YES;
				SWIFT_VERSION = 5.0;
				TARGETED_DEVICE_FAMILY = "1,2";
				TEST_HOST = "$(BUILT_PRODUCTS_DIR)/HabitsTracker.app/$(BUNDLE_EXECUTABLE_FOLDER_PATH)/HabitsTracker";
			};
			name = Debug;
		};
		5FDFBC8B2F477EF000D9F4D8 /* Release */ = {
			isa = XCBuildConfiguration;
			buildSettings = {
				BUNDLE_LOADER = "$(TEST_HOST)";
				CODE_SIGN_STYLE = Automatic;
				CURRENT_PROJECT_VERSION = 1;
				DEVELOPMENT_TEAM = 54M5NP28XN;
				GENERATE_INFOPLIST_FILE = YES;
				IPHONEOS_DEPLOYMENT_TARGET = 26.2;
				MARKETING_VERSION = 1.0;
				PRODUCT_BUNDLE_IDENTIFIER = gn.HabitsTrackerTests;
				PRODUCT_NAME = "$(TARGET_NAME)";
				STRING_CATALOG_GENERATE_SYMBOLS = NO;
				SWIFT_APPROACHABLE_CONCURRENCY = YES;
				SWIFT_EMIT_LOC_STRINGS = NO;
				SWIFT_UPCOMING_FEATURE_MEMBER_IMPORT_VISIBILITY = YES;
				SWIFT_VERSION = 5.0;
				TARGETED_DEVICE_FAMILY = "1,2";
				TEST_HOST = "$(BUILT_PRODUCTS_DIR)/HabitsTracker.app/$(BUNDLE_EXECUTABLE_FOLDER_PATH)/HabitsTracker";
			};
			name = Release;
		};
		5FDFBC8D2F477EF000D9F4D8 /* Debug */ = {
			isa = XCBuildConfiguration;
			buildSettings = {
				CODE_SIGN_STYLE = Automatic;
				CURRENT_PROJECT_VERSION = 1;
				DEVELOPMENT_TEAM = 54M5NP28XN;
				GENERATE_INFOPLIST_FILE = YES;
				MARKETING_VERSION = 1.0;
				PRODUCT_BUNDLE_IDENTIFIER = gn.HabitsTrackerUITests;
				PRODUCT_NAME = "$(TARGET_NAME)";
				STRING_CATALOG_GENERATE_SYMBOLS = NO;
				SWIFT_APPROACHABLE_CONCURRENCY = YES;
				SWIFT_EMIT_LOC_STRINGS = NO;
				SWIFT_UPCOMING_FEATURE_MEMBER_IMPORT_VISIBILITY = YES;
				SWIFT_VERSION = 5.0;
				TARGETED_DEVICE_FAMILY = "1,2";
				TEST_TARGET_NAME = HabitsTracker;
			};
			name = Debug;
		};
		5FDFBC8E2F477EF000D9F4D8 /* Release */ = {
			isa = XCBuildConfiguration;
			buildSettings = {
				CODE_SIGN_STYLE = Automatic;
				CURRENT_PROJECT_VERSION = 1;
				DEVELOPMENT_TEAM = 54M5NP28XN;
				GENERATE_INFOPLIST_FILE = YES;
				MARKETING_VERSION = 1.0;
				PRODUCT_BUNDLE_IDENTIFIER = gn.HabitsTrackerUITests;
				PRODUCT_NAME = "$(TARGET_NAME)";
				STRING_CATALOG_GENERATE_SYMBOLS = NO;
				SWIFT_APPROACHABLE_CONCURRENCY = YES;
				SWIFT_EMIT_LOC_STRINGS = NO;
				SWIFT_UPCOMING_FEATURE_MEMBER_IMPORT_VISIBILITY = YES;
				SWIFT_VERSION = 5.0;
				TARGETED_DEVICE_FAMILY = "1,2";
				TEST_TARGET_NAME = HabitsTracker;
			};
			name = Release;
		};
/* End XCBuildConfiguration section */

/* Begin XCConfigurationList section */
		5FDFBC602F477EEF00D9F4D8 /* Build configuration list for PBXProject "HabitsTracker" */ = {
			isa = XCConfigurationList;
			buildConfigurations = (
				5FDFBC842F477EF000D9F4D8 /* Debug */,
				5FDFBC852F477EF000D9F4D8 /* Release */,
			);
			defaultConfigurationIsVisible = 0;
			defaultConfigurationName = Release;
		};
		5FDFBC862F477EF000D9F4D8 /* Build configuration list for PBXNativeTarget "HabitsTracker" */ = {
			isa = XCConfigurationList;
			buildConfigurations = (
				5FDFBC872F477EF000D9F4D8 /* Debug */,
				5FDFBC882F477EF000D9F4D8 /* Release */,
			);
			defaultConfigurationIsVisible = 0;
			defaultConfigurationName = Release;
		};
		5FDFBC892F477EF000D9F4D8 /* Build configuration list for PBXNativeTarget "HabitsTrackerTests" */ = {
			isa = XCConfigurationList;
			buildConfigurations = (
				5FDFBC8A2F477EF000D9F4D8 /* Debug */,
				5FDFBC8B2F477EF000D9F4D8 /* Release */,
			);
			defaultConfigurationIsVisible = 0;
			defaultConfigurationName = Release;
		};
		5FDFBC8C2F477EF000D9F4D8 /* Build configuration list for PBXNativeTarget "HabitsTrackerUITests" */ = {
			isa = XCConfigurationList;
			buildConfigurations = (
				5FDFBC8D2F477EF000D9F4D8 /* Debug */,
				5FDFBC8E2F477EF000D9F4D8 /* Release */,
			);
			defaultConfigurationIsVisible = 0;
			defaultConfigurationName = Release;
		};
/* End XCConfigurationList section */

/* Begin XCLocalSwiftPackageReference section */
		5F83E5372F47836600F4C616 /* XCLocalSwiftPackageReference "../DesignKit" */ = {
			isa = XCLocalSwiftPackageReference;
			relativePath = ../DesignKit;
		};
/* End XCLocalSwiftPackageReference section */

/* Begin XCSwiftPackageProductDependency section */
		5F83E5392F4783BA00F4C616 /* DesignKit */ = {
			isa = XCSwiftPackageProductDependency;
			package = 5F83E5372F47836600F4C616 /* XCLocalSwiftPackageReference "../DesignKit" */;
			productName = DesignKit;
		};
/* End XCSwiftPackageProductDependency section */
	};
	rootObject = 5FDFBC5D2F477EEF00D9F4D8 /* Project object */;
}
